{
  "name": "rplwebsites-main",
  "version": "1.0.0",
  "lockfileVersion": 2,
  "requires": true,
  "packages": {
    "": {
      "name": "rplwebsites-main",
      "version": "1.0.0",
      "license": "ISC",
      "dependencies": {
        "@splidejs/splide": "^4.1.2"
      }
    },
    "node_modules/@splidejs/splide": {
      "version": "4.1.2",
      "resolved": "https://registry.npmjs.org/@splidejs/splide/-/splide-4.1.2.tgz",
      "integrity": "sha512-7sv4Azb4hHJ8PGT2H/ilsElrxQ3+xrKwajBX/jkntjktrsqb3u3FXzo71dNPhwVr0hXVQUFgwvn0BjhwYzUJKw=="
    }
  },
  "dependencies": {
    "@splidejs/splide": {
      "version": "4.1.2",
      "resolved": "https://registry.npmjs.org/@splidejs/splide/-/splide-4.1.2.tgz",
      "integrity": "sha512-7sv4Azb4hHJ8PGT2H/ilsElrxQ3+xrKwajBX/jkntjktrsqb3u3FXzo71dNPhwVr0hXVQUFgwvn0BjhwYzUJKw=="
    }
  }
}
